
Microsoft Visual Studio Solution File, Format Version 12.00
# Visual Studio Version 16
VisualStudioVersion = 16.0.29324.140
MinimumVisualStudioVersion = 10.0.40219.1
Project("{888888A0-9F3D-457C-B088-3A5042F75D52}") = "Blackjack", "Blackjack.pyproj", "{7636E7D3-1344-4F5E-84E2-ED6E56DEC685}"
EndProject
Global
	GlobalSection(SolutionConfigurationPlatforms) = preSolution
		Debug|Any CPU = Debug|Any CPU
		Release|Any CPU = Release|Any CPU
	EndGlobalSection
	GlobalSection(ProjectConfigurationPlatforms) = postSolution
		{7636E7D3-1344-4F5E-84E2-ED6E56DEC685}.Debug|Any CPU.ActiveCfg = Debug|Any CPU
		{7636E7D3-1344-4F5E-84E2-ED6E56DEC685}.Release|Any CPU.ActiveCfg = Release|Any CPU
	EndGlobalSection
	GlobalSection(SolutionProperties) = preSolution
		HideSolutionNode = FALSE
	EndGlobalSection
	GlobalSection(ExtensibilityGlobals) = postSolution
		SolutionGuid = {29739862-D6BB-4505-A72E-D909FB735859}
	EndGlobalSection
EndGlobal
